github.com/PuerkitoBio/goquery v1.4.1 h1:smcIRGdYm/w7JSbcdeLHEMzxmsBQvl8lhf0dSw2nzMI=
github.com/PuerkitoBio/goquery v1.4.1/go.mod h1:T9ezsOHcCrDCgA8aF1Cqr3sSYbO/xgdy8/R/XiIMAhA=
github.com/andybalholm/cascadia v1.0.0 h1:hOCXnnZ5A+3eVDX8pvgl4kofXv2ELss0bKcqRySc45o=
github.com/andybalholm/cascadia v1.0.0/go.mod h1:GsXiBklL0woXo1j/WYWtSYYC4ouU9PqHO0sqidkEA4Y=
github.com/antchfx/htmlquery v0.0.0-20180524052033-b4407197cfe8 h1:7AWQ3C7aHNdMedtpVnppADY0sq8BE6kMJ/tLA0WuS5Y=
github.com/antchfx/htmlquery v0.0.0-20180524052033-b4407197cfe8/go.mod h1:MS9yksVSQXls00iXkiMqXr0J+umL/AmxXKuP28SUJM8=
github.com/antchfx/xmlquery v0.0.0-20180524052823-9188d8442369 h1:8oLDeJbLgEFTueHlL+BWylWlpCErpR8H5bd1/2ZqStg=
github.com/antchfx/xmlquery v0.0.0-20180524052823-9188d8442369/go.mod h1:/+CnyD/DzHRnv2eRxrVbieRU/FIF6N0C+7oTtyUtCKk=
github.com/antchfx/xpath v0.0.0-20180524052354-077bca4d2caa h1:UgmswLpr8R1msC4cA74MD6zt66QSQckaD5ph7XFyOfY=
github.com/antchfx/xpath v0.0.0-20180524052354-077bca4d2caa/go.mod h1:Yee4kTMuNiPYJ7nSNorELQMr1J33uOpXDMByNYhvtNk=
github.com/apoydence/onpar v0.0.0-20181125144932-f2f06780798d h1:FRJKB4Wq559uXmSrWVyMtN3BQ+HYrN6gSdjhvvbCstk=
github.com/apoydence/onpar v0.0.0-20181125144932-f2f06780798d/go.mod h1:maauOJD0kdDqIz4xmkunipFVbBoTM6pFSy0kkWBcIUY=
github.com/davecgh/go-spew v1.1.0 h1:ZDRjVQ15GmhC3fiQ8ni8+OwkZQO4DARzQgrnXU1Liz8=
github.com/davecgh/go-spew v1.1.0/go.mod h1:J7Y8YcW2NihsgmVo/mv3lAwl/skON4iLHjSsI+c5H38=
github.com/docopt/docopt-go v0.0.0-20180111231733-ee0de3bc6815 h1:bWDMxwH3px2JBh6AyO7hdCn/PkvCZXii8TGj7sbtEbQ=
github.com/docopt/docopt-go v0.0.0-20180111231733-ee0de3bc6815/go.mod h1:WwZ+bS3ebgob9U8Nd0kOddGdZWjyMGR8Wziv+TBNwSE=
github.com/go-gorp/gorp v0.0.0-20180410155428-6032c66e0f5f h1:U2tGTasNCpUNcJFuAc3WpK00lMNi/+LN9Vpx9lcKp3I=
github.com/go-gorp/gorp v0.0.0-20180410155428-6032c66e0f5f/go.mod h1:7IfkAQnO7jfT/9IQ3R9wL1dFhukN6aQxzKTHnkxzA/E=
github.com/go-sql-driver/mysql v1.4.1 h1:g24URVg0OFbNUTx9qqY1IRZ9D9z3iPyi5zKhQZpNwpA=
github.com/go-sql-driver/mysql v1.4.1/go.mod h1:zAC/RDZ24gD3HViQzih4MyKcchzm+sOG5ZlKdlhCg5w=
github.com/gobwas/glob v0.2.3 h1:A4xDbljILXROh+kObIiy5kIaPYD8e96x1tgBhUI5J+Y=
github.com/gobwas/glob v0.2.3/go.mod h1:d3Ez4x06l9bZtSvzIay5+Yzi0fmZzPgnTbPcKjJAkT8=
github.com/gocarina/gocsv v0.0.0-20180321203523-a5c9099e2484 h1:UAl2oVaGl6g754im28hOoogU++eN9fBgA5uKKJ4elAY=
github.com/gocarina/gocsv v0.0.0-20180321203523-a5c9099e2484/go.mod h1:/oj50ZdPq/cUjA02lMZhijk5kR31SEydKyqah1OgBuo=
github.com/gocolly/colly v0.0.0-20180704104352-f9e277f8f0b3 h1:gravyjWhRbvCQS6lxC5eDMqiuPRO/n+Qc3bQaxHmNYU=
github.com/gocolly/colly v0.0.0-20180704104352-f9e277f8f0b3/go.mod h1:Hof5T3ZswNVsOHYmba1u03W65HDWgpV5HifSuueE0EA=
github.com/golang/protobuf v1.1.0 h1:0iH4Ffd/meGoXqF2lSAhZHt8X+cPgkfn/cb6Cce5Vpc=
github.com/golang/protobuf v1.1.0/go.mod h1:6lQm79b+lXiMfvg/cZm0SGofjICqVBUtrP5yJMmIC1U=
github.com/kennygrant/sanitize v1.2.3 h1:lMTHgebyLyRtvNyIAnsKyp0CO/zAS8+YmyWRDJ94WBw=
github.com/kennygrant/sanitize v1.2.3/go.mod h1:LGsjYYtgxbetdg5owWB2mpgUL6e2nfw2eObZ0u0qvak=
github.com/lib/pq v1.1.0 h1:/5u4a+KGJptBRqGzPvYQL9p0d/tPR4S31+Tnzj9lEO4=
github.com/lib/pq v1.1.0/go.mod h1:5WUZQaWbwv1U+lTReE5YruASi9Al49XbQIvNi/34Woo=
github.com/mattn/go-sqlite3 v1.9.0 h1:pDRiWfl+++eC2FEFRy6jXmQlvp4Yh3z1MJKg4UeYM/4=
github.com/mattn/go-sqlite3 v1.9.0/go.mod h1:FPy6KqzDD04eiIsT53CuJW3U88zkxoIYsOqkbpncsNc=
github.com/mattn/go-sqlite3 v1.10.0 h1:jbhqpg7tQe4SupckyijYiy0mJJ/pRyHvXf7JdWK860o=
github.com/mattn/go-sqlite3 v1.10.0/go.mod h1:FPy6KqzDD04eiIsT53CuJW3U88zkxoIYsOqkbpncsNc=
github.com/pmezard/go-difflib v1.0.0 h1:4DBwDE0NGyQoBHbLQYPwSUPoCMWR5BEzIk/f1lZbAQM=
github.com/pmezard/go-difflib v1.0.0/go.mod h1:iKH77koFhYxTK1pcRnkKkqfTogsbg7gZNVY4sRDYZ/4=
github.com/poy/onpar v0.0.0-20181125144932-f2f06780798d h1:dG+BIeP2sDXC2AsX+P1Xvftxy+b4iYTfrDDkAIQB7VM=
github.com/poy/onpar v0.0.0-20181125144932-f2f06780798d/go.mod h1:nSbFQvMj97ZyhFRSJYtut+msi4sOY6zJDGCdSc+/rZU=
github.com/saintfish/chardet v0.0.0-20120816061221-3af4cd4741ca h1:NugYot0LIVPxTvN8n+Kvkn6TrbMyxQiuvKdEwFdR9vI=
github.com/saintfish/chardet v0.0.0-20120816061221-3af4cd4741ca/go.mod h1:uugorj2VCxiV1x+LzaIdVa9b4S4qGAcH6cbhh4qVxOU=
github.com/stretchr/objx v0.1.0/go.mod h1:HFkY916IF+rwdDfMAkV7OtwuqBVzrE8GR6GFx+wExME=
github.com/stretchr/testify v1.3.0 h1:TivCn/peBQ7UY8ooIcPgZFpTNSz0Q2U6UrFlUfqbe0Q=
github.com/stretchr/testify v1.3.0/go.mod h1:M5WIy9Dh21IEIfnGCwXGc5bZfKNJtfHm1UVUgZn+9EI=
github.com/temoto/robotstxt v0.0.0-20170603013557-9e4646fa7053 h1:yZpEd8aMDR3WRe3x/04CUHieSuSPM18P3bhLxp2zels=
github.com/temoto/robotstxt v0.0.0-20170603013557-9e4646fa7053/go.mod h1:aOux3gHPCftJ3KHq6Pz/AlDjYJ7Y+yKfm1gU/3B0u04=
github.com/ziutek/mymysql v1.5.4 h1:GB0qdRGsTwQSBVYuVShFBKaXSnSnYYC2d9knnE1LHFs=
github.com/ziutek/mymysql v1.5.4/go.mod h1:LMSpPZ6DbqWFxNCHW77HeMg9I646SAhApZ/wKdgO/C0=
golang.org/x/net v0.0.0-20180218175443-cbe0f9307d01/go.mod h1:mL1N/T3taQHkDXs73rZJwtUhF3w3ftmwwsq0BUmARs4=
golang.org/x/net v0.0.0-20180706051357-32a936f46389 h1:U+zCn5sqaq+q4hrnMrz9sgrW1yatwEOUgYkGt3u9ZOU=
golang.org/x/net v0.0.0-20180706051357-32a936f46389/go.mod h1:mL1N/T3taQHkDXs73rZJwtUhF3w3ftmwwsq0BUmARs4=
golang.org/x/sync v0.0.0-20190412183630-56d357773e84 h1:IqXQ59gzdXv58Jmm2xn0tSOR9i6HqroaOFRQ3wR/dJQ=
golang.org/x/sync v0.0.0-20190412183630-56d357773e84/go.mod h1:RxMgew5VJxzue5/jJTE5uejpjVlOe/izrB70Jof72aM=
golang.org/x/text v0.3.0 h1:g61tztE5qeGQ89tm6NTjjM9VPIm088od1l6aSorWRWg=
golang.org/x/text v0.3.0/go.mod h1:NqM8EUOU14njkJ3fqMW+pc6Ldnwhi/IjpwHt7yyuwOQ=
google.golang.org/appengine v1.1.0 h1:igQkv0AAhEIvTEpD5LIpAfav2eeVO9HBTjvKHVJPRSs=
google.golang.org/appengine v1.1.0/go.mod h1:EbEs0AVv82hx2wNQdGPgUI5lhzA/G0D9YwlJXL52JkM=
